
Microsoft Visual Studio Solution File, Format Version 12.00
# Visual Studio Version 16
VisualStudioVersion = 16.0.30320.27
MinimumVisualStudioVersion = 10.0.40219.1
Project("{FAE04EC0-301F-11D3-BF4B-00C04F79EFBC}") = "SalesTaxCalculator", "SalesTaxCalculator.csproj", "{DBA8A0BB-14C0-4FB2-BCE1-234124820F77}"
EndProject
Global
	GlobalSection(SolutionConfigurationPlatforms) = preSolution
		Debug|Any CPU = Debug|Any CPU
		Release|Any CPU = Release|Any CPU
	EndGlobalSection
	GlobalSection(ProjectConfigurationPlatforms) = postSolution
		{DBA8A0BB-14C0-4FB2-BCE1-234124820F77}.Debug|Any CPU.ActiveCfg = Debug|Any CPU
		{DBA8A0BB-14C0-4FB2-BCE1-234124820F77}.Debug|Any CPU.Build.0 = Debug|Any CPU
		{DBA8A0BB-14C0-4FB2-BCE1-234124820F77}.Release|Any CPU.ActiveCfg = Release|Any CPU
		{DBA8A0BB-14C0-4FB2-BCE1-234124820F77}.Release|Any CPU.Build.0 = Release|Any CPU
	EndGlobalSection
	GlobalSection(SolutionProperties) = preSolution
		HideSolutionNode = FALSE
	EndGlobalSection
	GlobalSection(ExtensibilityGlobals) = postSolution
		SolutionGuid = {0C9B0BE8-45CD-4B39-A8FB-BFCCCF002463}
	EndGlobalSection
EndGlobal
